
Microsoft Visual Studio Solution File, Format Version 12.00
# Visual Studio Version 17
VisualStudioVersion = 17.5.33516.290
MinimumVisualStudioVersion = 10.0.40219.1
Project("{FAE04EC0-301F-11D3-BF4B-00C04F79EFBC}") = "eTickets", "eTickets\eTickets.csproj", "{478D8246-2AF5-470E-B522-18575C1D9FAB}"
EndProject
Global
	GlobalSection(SolutionConfigurationPlatforms) = preSolution
		Debug|Any CPU = Debug|Any CPU
		Release|Any CPU = Release|Any CPU
	EndGlobalSection
	GlobalSection(ProjectConfigurationPlatforms) = postSolution
		{478D8246-2AF5-470E-B522-18575C1D9FAB}.Debug|Any CPU.ActiveCfg = Debug|Any CPU
		{478D8246-2AF5-470E-B522-18575C1D9FAB}.Debug|Any CPU.Build.0 = Debug|Any CPU
		{478D8246-2AF5-470E-B522-18575C1D9FAB}.Release|Any CPU.ActiveCfg = Release|Any CPU
		{478D8246-2AF5-470E-B522-18575C1D9FAB}.Release|Any CPU.Build.0 = Release|Any CPU
	EndGlobalSection
	GlobalSection(SolutionProperties) = preSolution
		HideSolutionNode = FALSE
	EndGlobalSection
	GlobalSection(ExtensibilityGlobals) = postSolution
		SolutionGuid = {9D3CAA8F-6841-4D16-95AB-681BBC24979C}
	EndGlobalSection
EndGlobal
